
Microsoft Visual Studio Solution File, Format Version 12.00
# Visual Studio Version 16
VisualStudioVersion = 16.0.30711.63
MinimumVisualStudioVersion = 10.0.40219.1
Project("{FAE04EC0-301F-11D3-BF4B-00C04F79EFBC}") = "Reloj", "Reloj.csproj", "{6AF2473B-6E00-44D3-B15C-E8C7734A013C}"
EndProject
Global
	GlobalSection(SolutionConfigurationPlatforms) = preSolution
		Debug|Any CPU = Debug|Any CPU
		Release|Any CPU = Release|Any CPU
	EndGlobalSection
	GlobalSection(ProjectConfigurationPlatforms) = postSolution
		{6AF2473B-6E00-44D3-B15C-E8C7734A013C}.Debug|Any CPU.ActiveCfg = Debug|Any CPU
		{6AF2473B-6E00-44D3-B15C-E8C7734A013C}.Debug|Any CPU.Build.0 = Debug|Any CPU
		{6AF2473B-6E00-44D3-B15C-E8C7734A013C}.Release|Any CPU.ActiveCfg = Release|Any CPU
		{6AF2473B-6E00-44D3-B15C-E8C7734A013C}.Release|Any CPU.Build.0 = Release|Any CPU
	EndGlobalSection
	GlobalSection(SolutionProperties) = preSolution
		HideSolutionNode = FALSE
	EndGlobalSection
	GlobalSection(ExtensibilityGlobals) = postSolution
		SolutionGuid = {A6763B10-96BE-4B06-BB43-BF0F561AE68F}
	EndGlobalSection
EndGlobal
