
Microsoft Visual Studio Solution File, Format Version 12.00
# Visual Studio Version 16
VisualStudioVersion = 16.0.30711.63
MinimumVisualStudioVersion = 10.0.40219.1
Project("{FAE04EC0-301F-11D3-BF4B-00C04F79EFBC}") = "Polimorfismo", "Polimorfismo.csproj", "{ED975ED6-57E1-42B0-AFEC-84B16B80D5B4}"
EndProject
Global
	GlobalSection(SolutionConfigurationPlatforms) = preSolution
		Debug|Any CPU = Debug|Any CPU
		Release|Any CPU = Release|Any CPU
	EndGlobalSection
	GlobalSection(ProjectConfigurationPlatforms) = postSolution
		{ED975ED6-57E1-42B0-AFEC-84B16B80D5B4}.Debug|Any CPU.ActiveCfg = Debug|Any CPU
		{ED975ED6-57E1-42B0-AFEC-84B16B80D5B4}.Debug|Any CPU.Build.0 = Debug|Any CPU
		{ED975ED6-57E1-42B0-AFEC-84B16B80D5B4}.Release|Any CPU.ActiveCfg = Release|Any CPU
		{ED975ED6-57E1-42B0-AFEC-84B16B80D5B4}.Release|Any CPU.Build.0 = Release|Any CPU
	EndGlobalSection
	GlobalSection(SolutionProperties) = preSolution
		HideSolutionNode = FALSE
	EndGlobalSection
	GlobalSection(ExtensibilityGlobals) = postSolution
		SolutionGuid = {0E82BC10-5A28-4086-8171-EF382B3E7C60}
	EndGlobalSection
EndGlobal
